
Microsoft Visual Studio Solution File, Format Version 12.00
# Visual Studio 15
VisualStudioVersion = 15.0.28307.106
MinimumVisualStudioVersion = 10.0.40219.1
Project("{8BC9CEB8-8B4A-11D0-8D11-00A0C91BC942}") = "GPGPU2019A", "GPGPU2019A\GPGPU2019A.vcxproj", "{18C7B49C-865D-4EBA-A728-6A814A890F61}"
EndProject
Global
	GlobalSection(SolutionConfigurationPlatforms) = preSolution
		Debug|x64 = Debug|x64
		Debug|x86 = Debug|x86
		Release|x64 = Release|x64
		Release|x86 = Release|x86
	EndGlobalSection
	GlobalSection(ProjectConfigurationPlatforms) = postSolution
		{18C7B49C-865D-4EBA-A728-6A814A890F61}.Debug|x64.ActiveCfg = Debug|x64
		{18C7B49C-865D-4EBA-A728-6A814A890F61}.Debug|x64.Build.0 = Debug|x64
		{18C7B49C-865D-4EBA-A728-6A814A890F61}.Debug|x86.ActiveCfg = Debug|Win32
		{18C7B49C-865D-4EBA-A728-6A814A890F61}.Debug|x86.Build.0 = Debug|Win32
		{18C7B49C-865D-4EBA-A728-6A814A890F61}.Release|x64.ActiveCfg = Release|x64
		{18C7B49C-865D-4EBA-A728-6A814A890F61}.Release|x64.Build.0 = Release|x64
		{18C7B49C-865D-4EBA-A728-6A814A890F61}.Release|x86.ActiveCfg = Release|Win32
		{18C7B49C-865D-4EBA-A728-6A814A890F61}.Release|x86.Build.0 = Release|Win32
	EndGlobalSection
	GlobalSection(SolutionProperties) = preSolution
		HideSolutionNode = FALSE
	EndGlobalSection
	GlobalSection(ExtensibilityGlobals) = postSolution
		SolutionGuid = {BC783842-6CE8-4F64-9B16-A50E35EF1562}
	EndGlobalSection
EndGlobal
